dependencies:
- name: kube-prometheus-stack
  repository: https://prometheus-community.github.io/helm-charts
  version: 55.8.1
- name: thanos
  repository: https://charts.bitnami.com/bitnami
  version: 12.21.0
digest: sha256:6f128955b4b8e1e6841c9611d858bd9da270db6f7f06753703d8621ae4dc778d
generated: "2024-03-04T13:05:55.620469+05:30"
