dependencies:
- name: kube-prometheus-stack
  repository: https://prometheus-community.github.io/helm-charts
  version: 55.8.1
- name: postgresql
  repository: https://charts.bitnami.com/bitnami
  version: 13.4.3
- name: thanos
  repository: https://charts.bitnami.com/bitnami
  version: 12.21.0
digest: sha256:97485e68344c04430ad78e8a6516e340d9c3db232cc5787d55fbb7ee826b2208
generated: "2024-03-04T11:36:55.811134+05:30"
