dependencies:
- name: kube-prometheus-stack
  repository: https://prometheus-community.github.io/helm-charts
  version: 55.8.1
- name: thanos
  repository: https://charts.bitnami.com/bitnami
  version: 12.21.0
- name: postgresql
  repository: https://charts.bitnami.com/bitnami
  version: 13.4.3
digest: sha256:db827caec94e8b193b7589812c676448155fbba69ec5e7129b520d6a2f0916e5
generated: "2024-03-04T13:59:56.050995+05:30"
